
Microsoft Visual Studio Solution File, Format Version 12.00
# Visual Studio 2013
VisualStudioVersion = 12.0.30324.0
MinimumVisualStudioVersion = 10.0.40219.1
Project("{FAE04EC0-301F-11D3-BF4B-00C04F79EFBC}") = "WebAPIwithODATA", "WebAPIwithODATA\WebAPIwithODATA.csproj", "{F31993DE-93A2-4068-A9C4-50EC50E55645}"
EndProject
Project("{FAE04EC0-301F-11D3-BF4B-00C04F79EFBC}") = "ConsoleWebAPIwithODATA", "ConsoleWebAPIwithODATA\ConsoleWebAPIwithODATA.csproj", "{DC052335-A476-46D7-8154-94D83A770000}"
EndProject
Global
	GlobalSection(SolutionConfigurationPlatforms) = preSolution
		Debug|Any CPU = Debug|Any CPU
		Release|Any CPU = Release|Any CPU
	EndGlobalSection
	GlobalSection(ProjectConfigurationPlatforms) = postSolution
		{F31993DE-93A2-4068-A9C4-50EC50E55645}.Debug|Any CPU.ActiveCfg = Debug|Any CPU
		{F31993DE-93A2-4068-A9C4-50EC50E55645}.Debug|Any CPU.Build.0 = Debug|Any CPU
		{F31993DE-93A2-4068-A9C4-50EC50E55645}.Release|Any CPU.ActiveCfg = Release|Any CPU
		{F31993DE-93A2-4068-A9C4-50EC50E55645}.Release|Any CPU.Build.0 = Release|Any CPU
		{DC052335-A476-46D7-8154-94D83A770000}.Debug|Any CPU.ActiveCfg = Debug|Any CPU
		{DC052335-A476-46D7-8154-94D83A770000}.Debug|Any CPU.Build.0 = Debug|Any CPU
		{DC052335-A476-46D7-8154-94D83A770000}.Release|Any CPU.ActiveCfg = Release|Any CPU
		{DC052335-A476-46D7-8154-94D83A770000}.Release|Any CPU.Build.0 = Release|Any CPU
	EndGlobalSection
	GlobalSection(SolutionProperties) = preSolution
		HideSolutionNode = FALSE
	EndGlobalSection
EndGlobal
